
Microsoft Visual Studio Solution File, Format Version 12.00
# Visual Studio Version 17
VisualStudioVersion = 17.0.31903.59
MinimumVisualStudioVersion = 10.0.40219.1
Project("{2150E333-8FDC-42A3-9474-1A3956D46DE8}") = "src", "src", "{827E0CD3-B72D-47B6-A68D-7590B98EB39B}"
EndProject
Project("{FAE04EC0-301F-11D3-BF4B-00C04F79EFBC}") = "TokenRateGate.Core", "src\TokenRateGate.Core\TokenRateGate.Core.csproj", "{C710B8B1-742E-4EC2-9110-DD1EEFFCE2FA}"
EndProject
Project("{2150E333-8FDC-42A3-9474-1A3956D46DE8}") = "tests", "tests", "{0AB3BF05-4346-4AA6-1389-037BE0695223}"
EndProject
Project("{FAE04EC0-301F-11D3-BF4B-00C04F79EFBC}") = "TokenRateGate.Core.Tests", "tests\TokenRateGate.Core.Tests\TokenRateGate.Core.Tests.csproj", "{1518CBA4-21B0-4005-9A36-2B0CAEA04625}"
EndProject
Project("{FAE04EC0-301F-11D3-BF4B-00C04F79EFBC}") = "TokenRateGate.Abstractions", "src\TokenRateGate.Abstractions\TokenRateGate.Abstractions.csproj", "{B98FA51D-DFA9-4958-A2E3-815AFC6C3C05}"
EndProject
Project("{FAE04EC0-301F-11D3-BF4B-00C04F79EFBC}") = "TokenRateGate.Extensions", "src\TokenRateGate.Extensions\TokenRateGate.Extensions.csproj", "{B2E7F0DE-C308-49BC-B513-E7ADA697934B}"
EndProject
Project("{FAE04EC0-301F-11D3-BF4B-00C04F79EFBC}") = "TokenRateGate.Extensions.DependencyInjection", "src\TokenRateGate.Extensions.DependencyInjection\TokenRateGate.Extensions.DependencyInjection.csproj", "{CFA2E3CB-766A-463A-BD4E-02588C3793DD}"
EndProject
Project("{2150E333-8FDC-42A3-9474-1A3956D46DE8}") = "samples", "samples", "{5D20AA90-6969-D8BD-9DCD-8634F4692FDA}"
EndProject
Project("{FAE04EC0-301F-11D3-BF4B-00C04F79EFBC}") = "BasicUsage", "samples\BasicUsage\BasicUsage.csproj", "{D6E27BF4-791D-463E-A4AD-4679DC5C0C57}"
EndProject
Project("{FAE04EC0-301F-11D3-BF4B-00C04F79EFBC}") = "DependencyInjectionSample", "samples\DependencyInjectionSample\DependencyInjectionSample.csproj", "{C05D31B4-D81E-453F-8DE5-2C51BEFA1B94}"
EndProject
Project("{FAE04EC0-301F-11D3-BF4B-00C04F79EFBC}") = "MultiTenantSample", "samples\MultiTenantSample\MultiTenantSample.csproj", "{E8646A1C-EC3D-41A9-814F-CC20CC191552}"
EndProject
Project("{FAE04EC0-301F-11D3-BF4B-00C04F79EFBC}") = "HighThroughputSample", "samples\HighThroughputSample\HighThroughputSample.csproj", "{2F250242-B261-4F6B-8D8A-23718AD7D93F}"
EndProject
Project("{FAE04EC0-301F-11D3-BF4B-00C04F79EFBC}") = "StreamingSample", "samples\StreamingSample\StreamingSample.csproj", "{2495BA26-819D-4480-BF22-18583ED4CC1D}"
EndProject
Project("{FAE04EC0-301F-11D3-BF4B-00C04F79EFBC}") = "TokenRateGate.OpenAI", "src\TokenRateGate.OpenAI\TokenRateGate.OpenAI.csproj", "{6C1F2EDF-7C89-496F-96AF-2FA45F4B10E7}"
EndProject
Project("{FAE04EC0-301F-11D3-BF4B-00C04F79EFBC}") = "TokenRateGate.OpenAI.Tests", "tests\TokenRateGate.OpenAI.Tests\TokenRateGate.OpenAI.Tests.csproj", "{51E50A2A-D609-4652-904D-8ED0D2980E00}"
EndProject
Project("{FAE04EC0-301F-11D3-BF4B-00C04F79EFBC}") = "OpenAIIntegration", "samples\OpenAIIntegration\OpenAIIntegration.csproj", "{C849A1EE-0718-4E64-A843-C0912AFD56E9}"
EndProject
Project("{FAE04EC0-301F-11D3-BF4B-00C04F79EFBC}") = "TokenRateGate.PerformanceTests", "tests\TokenRateGate.PerformanceTests\TokenRateGate.PerformanceTests.csproj", "{C3D7BB03-90EB-42B8-B470-BE0D4C4568EE}"
EndProject
Project("{FAE04EC0-301F-11D3-BF4B-00C04F79EFBC}") = "TokenRateGate.IntegrationTests", "tests\TokenRateGate.IntegrationTests\TokenRateGate.IntegrationTests.csproj", "{F2167EED-856A-4604-B888-2E22B18B81E7}"
EndProject
Project("{FAE04EC0-301F-11D3-BF4B-00C04F79EFBC}") = "TokenRateGate.Azure", "src\TokenRateGate.Azure\TokenRateGate.Azure.csproj", "{A27B38EF-684D-469E-86C4-D7BD57467EEE}"
EndProject
Project("{FAE04EC0-301F-11D3-BF4B-00C04F79EFBC}") = "AzureOpenAI.BasicUsage", "samples\AzureOpenAI.BasicUsage\AzureOpenAI.BasicUsage.csproj", "{2F259643-A81A-4EAE-BEBD-D961B5EC44F2}"
EndProject
Project("{FAE04EC0-301F-11D3-BF4B-00C04F79EFBC}") = "TokenRateGate.Extensions.DependencyInjection.Tests", "tests\TokenRateGate.Extensions.DependencyInjection.Tests\TokenRateGate.Extensions.DependencyInjection.Tests.csproj", "{5D888B2D-3AE8-41D5-A6DA-03D62F81FB70}"
EndProject
Project("{FAE04EC0-301F-11D3-BF4B-00C04F79EFBC}") = "TokenRateGate.StressTests", "tests\TokenRateGate.StressTests\TokenRateGate.StressTests.csproj", "{D058A7EB-5337-4585-8C46-D7D5CA231EFB}"
EndProject
Global
	GlobalSection(SolutionConfigurationPlatforms) = preSolution
		Debug|Any CPU = Debug|Any CPU
		Debug|x64 = Debug|x64
		Debug|x86 = Debug|x86
		Release|Any CPU = Release|Any CPU
		Release|x64 = Release|x64
		Release|x86 = Release|x86
	EndGlobalSection
	GlobalSection(ProjectConfigurationPlatforms) = postSolution
		{C710B8B1-742E-4EC2-9110-DD1EEFFCE2FA}.Debug|Any CPU.ActiveCfg = Debug|Any CPU
		{C710B8B1-742E-4EC2-9110-DD1EEFFCE2FA}.Debug|Any CPU.Build.0 = Debug|Any CPU
		{C710B8B1-742E-4EC2-9110-DD1EEFFCE2FA}.Debug|x64.ActiveCfg = Debug|Any CPU
		{C710B8B1-742E-4EC2-9110-DD1EEFFCE2FA}.Debug|x64.Build.0 = Debug|Any CPU
		{C710B8B1-742E-4EC2-9110-DD1EEFFCE2FA}.Debug|x86.ActiveCfg = Debug|Any CPU
		{C710B8B1-742E-4EC2-9110-DD1EEFFCE2FA}.Debug|x86.Build.0 = Debug|Any CPU
		{C710B8B1-742E-4EC2-9110-DD1EEFFCE2FA}.Release|Any CPU.ActiveCfg = Release|Any CPU
		{C710B8B1-742E-4EC2-9110-DD1EEFFCE2FA}.Release|Any CPU.Build.0 = Release|Any CPU
		{C710B8B1-742E-4EC2-9110-DD1EEFFCE2FA}.Release|x64.ActiveCfg = Release|Any CPU
		{C710B8B1-742E-4EC2-9110-DD1EEFFCE2FA}.Release|x64.Build.0 = Release|Any CPU
		{C710B8B1-742E-4EC2-9110-DD1EEFFCE2FA}.Release|x86.ActiveCfg = Release|Any CPU
		{C710B8B1-742E-4EC2-9110-DD1EEFFCE2FA}.Release|x86.Build.0 = Release|Any CPU
		{1518CBA4-21B0-4005-9A36-2B0CAEA04625}.Debug|Any CPU.ActiveCfg = Debug|Any CPU
		{1518CBA4-21B0-4005-9A36-2B0CAEA04625}.Debug|Any CPU.Build.0 = Debug|Any CPU
		{1518CBA4-21B0-4005-9A36-2B0CAEA04625}.Debug|x64.ActiveCfg = Debug|Any CPU
		{1518CBA4-21B0-4005-9A36-2B0CAEA04625}.Debug|x64.Build.0 = Debug|Any CPU
		{1518CBA4-21B0-4005-9A36-2B0CAEA04625}.Debug|x86.ActiveCfg = Debug|Any CPU
		{1518CBA4-21B0-4005-9A36-2B0CAEA04625}.Debug|x86.Build.0 = Debug|Any CPU
		{1518CBA4-21B0-4005-9A36-2B0CAEA04625}.Release|Any CPU.ActiveCfg = Release|Any CPU
		{1518CBA4-21B0-4005-9A36-2B0CAEA04625}.Release|Any CPU.Build.0 = Release|Any CPU
		{1518CBA4-21B0-4005-9A36-2B0CAEA04625}.Release|x64.ActiveCfg = Release|Any CPU
		{1518CBA4-21B0-4005-9A36-2B0CAEA04625}.Release|x64.Build.0 = Release|Any CPU
		{1518CBA4-21B0-4005-9A36-2B0CAEA04625}.Release|x86.ActiveCfg = Release|Any CPU
		{1518CBA4-21B0-4005-9A36-2B0CAEA04625}.Release|x86.Build.0 = Release|Any CPU
		{B98FA51D-DFA9-4958-A2E3-815AFC6C3C05}.Debug|Any CPU.ActiveCfg = Debug|Any CPU
		{B98FA51D-DFA9-4958-A2E3-815AFC6C3C05}.Debug|Any CPU.Build.0 = Debug|Any CPU
		{B98FA51D-DFA9-4958-A2E3-815AFC6C3C05}.Debug|x64.ActiveCfg = Debug|Any CPU
		{B98FA51D-DFA9-4958-A2E3-815AFC6C3C05}.Debug|x64.Build.0 = Debug|Any CPU
		{B98FA51D-DFA9-4958-A2E3-815AFC6C3C05}.Debug|x86.ActiveCfg = Debug|Any CPU
		{B98FA51D-DFA9-4958-A2E3-815AFC6C3C05}.Debug|x86.Build.0 = Debug|Any CPU
		{B98FA51D-DFA9-4958-A2E3-815AFC6C3C05}.Release|Any CPU.ActiveCfg = Release|Any CPU
		{B98FA51D-DFA9-4958-A2E3-815AFC6C3C05}.Release|Any CPU.Build.0 = Release|Any CPU
		{B98FA51D-DFA9-4958-A2E3-815AFC6C3C05}.Release|x64.ActiveCfg = Release|Any CPU
		{B98FA51D-DFA9-4958-A2E3-815AFC6C3C05}.Release|x64.Build.0 = Release|Any CPU
		{B98FA51D-DFA9-4958-A2E3-815AFC6C3C05}.Release|x86.ActiveCfg = Release|Any CPU
		{B98FA51D-DFA9-4958-A2E3-815AFC6C3C05}.Release|x86.Build.0 = Release|Any CPU
		{B2E7F0DE-C308-49BC-B513-E7ADA697934B}.Debug|Any CPU.ActiveCfg = Debug|Any CPU
		{B2E7F0DE-C308-49BC-B513-E7ADA697934B}.Debug|Any CPU.Build.0 = Debug|Any CPU
		{B2E7F0DE-C308-49BC-B513-E7ADA697934B}.Debug|x64.ActiveCfg = Debug|Any CPU
		{B2E7F0DE-C308-49BC-B513-E7ADA697934B}.Debug|x64.Build.0 = Debug|Any CPU
		{B2E7F0DE-C308-49BC-B513-E7ADA697934B}.Debug|x86.ActiveCfg = Debug|Any CPU
		{B2E7F0DE-C308-49BC-B513-E7ADA697934B}.Debug|x86.Build.0 = Debug|Any CPU
		{B2E7F0DE-C308-49BC-B513-E7ADA697934B}.Release|Any CPU.ActiveCfg = Release|Any CPU
		{B2E7F0DE-C308-49BC-B513-E7ADA697934B}.Release|Any CPU.Build.0 = Release|Any CPU
		{B2E7F0DE-C308-49BC-B513-E7ADA697934B}.Release|x64.ActiveCfg = Release|Any CPU
		{B2E7F0DE-C308-49BC-B513-E7ADA697934B}.Release|x64.Build.0 = Release|Any CPU
		{B2E7F0DE-C308-49BC-B513-E7ADA697934B}.Release|x86.ActiveCfg = Release|Any CPU
		{B2E7F0DE-C308-49BC-B513-E7ADA697934B}.Release|x86.Build.0 = Release|Any CPU
		{CFA2E3CB-766A-463A-BD4E-02588C3793DD}.Debug|Any CPU.ActiveCfg = Debug|Any CPU
		{CFA2E3CB-766A-463A-BD4E-02588C3793DD}.Debug|Any CPU.Build.0 = Debug|Any CPU
		{CFA2E3CB-766A-463A-BD4E-02588C3793DD}.Debug|x64.ActiveCfg = Debug|Any CPU
		{CFA2E3CB-766A-463A-BD4E-02588C3793DD}.Debug|x64.Build.0 = Debug|Any CPU
		{CFA2E3CB-766A-463A-BD4E-02588C3793DD}.Debug|x86.ActiveCfg = Debug|Any CPU
		{CFA2E3CB-766A-463A-BD4E-02588C3793DD}.Debug|x86.Build.0 = Debug|Any CPU
		{CFA2E3CB-766A-463A-BD4E-02588C3793DD}.Release|Any CPU.ActiveCfg = Release|Any CPU
		{CFA2E3CB-766A-463A-BD4E-02588C3793DD}.Release|Any CPU.Build.0 = Release|Any CPU
		{CFA2E3CB-766A-463A-BD4E-02588C3793DD}.Release|x64.ActiveCfg = Release|Any CPU
		{CFA2E3CB-766A-463A-BD4E-02588C3793DD}.Release|x64.Build.0 = Release|Any CPU
		{CFA2E3CB-766A-463A-BD4E-02588C3793DD}.Release|x86.ActiveCfg = Release|Any CPU
		{CFA2E3CB-766A-463A-BD4E-02588C3793DD}.Release|x86.Build.0 = Release|Any CPU
		{D6E27BF4-791D-463E-A4AD-4679DC5C0C57}.Debug|Any CPU.ActiveCfg = Debug|Any CPU
		{D6E27BF4-791D-463E-A4AD-4679DC5C0C57}.Debug|Any CPU.Build.0 = Debug|Any CPU
		{D6E27BF4-791D-463E-A4AD-4679DC5C0C57}.Debug|x64.ActiveCfg = Debug|Any CPU
		{D6E27BF4-791D-463E-A4AD-4679DC5C0C57}.Debug|x64.Build.0 = Debug|Any CPU
		{D6E27BF4-791D-463E-A4AD-4679DC5C0C57}.Debug|x86.ActiveCfg = Debug|Any CPU
		{D6E27BF4-791D-463E-A4AD-4679DC5C0C57}.Debug|x86.Build.0 = Debug|Any CPU
		{D6E27BF4-791D-463E-A4AD-4679DC5C0C57}.Release|Any CPU.ActiveCfg = Release|Any CPU
		{D6E27BF4-791D-463E-A4AD-4679DC5C0C57}.Release|Any CPU.Build.0 = Release|Any CPU
		{D6E27BF4-791D-463E-A4AD-4679DC5C0C57}.Release|x64.ActiveCfg = Release|Any CPU
		{D6E27BF4-791D-463E-A4AD-4679DC5C0C57}.Release|x64.Build.0 = Release|Any CPU
		{D6E27BF4-791D-463E-A4AD-4679DC5C0C57}.Release|x86.ActiveCfg = Release|Any CPU
		{D6E27BF4-791D-463E-A4AD-4679DC5C0C57}.Release|x86.Build.0 = Release|Any CPU
		{C05D31B4-D81E-453F-8DE5-2C51BEFA1B94}.Debug|Any CPU.ActiveCfg = Debug|Any CPU
		{C05D31B4-D81E-453F-8DE5-2C51BEFA1B94}.Debug|Any CPU.Build.0 = Debug|Any CPU
		{C05D31B4-D81E-453F-8DE5-2C51BEFA1B94}.Debug|x64.ActiveCfg = Debug|Any CPU
		{C05D31B4-D81E-453F-8DE5-2C51BEFA1B94}.Debug|x64.Build.0 = Debug|Any CPU
		{C05D31B4-D81E-453F-8DE5-2C51BEFA1B94}.Debug|x86.ActiveCfg = Debug|Any CPU
		{C05D31B4-D81E-453F-8DE5-2C51BEFA1B94}.Debug|x86.Build.0 = Debug|Any CPU
		{C05D31B4-D81E-453F-8DE5-2C51BEFA1B94}.Release|Any CPU.ActiveCfg = Release|Any CPU
		{C05D31B4-D81E-453F-8DE5-2C51BEFA1B94}.Release|Any CPU.Build.0 = Release|Any CPU
		{C05D31B4-D81E-453F-8DE5-2C51BEFA1B94}.Release|x64.ActiveCfg = Release|Any CPU
		{C05D31B4-D81E-453F-8DE5-2C51BEFA1B94}.Release|x64.Build.0 = Release|Any CPU
		{C05D31B4-D81E-453F-8DE5-2C51BEFA1B94}.Release|x86.ActiveCfg = Release|Any CPU
		{C05D31B4-D81E-453F-8DE5-2C51BEFA1B94}.Release|x86.Build.0 = Release|Any CPU
		{E8646A1C-EC3D-41A9-814F-CC20CC191552}.Debug|Any CPU.ActiveCfg = Debug|Any CPU
		{E8646A1C-EC3D-41A9-814F-CC20CC191552}.Debug|Any CPU.Build.0 = Debug|Any CPU
		{E8646A1C-EC3D-41A9-814F-CC20CC191552}.Debug|x64.ActiveCfg = Debug|Any CPU
		{E8646A1C-EC3D-41A9-814F-CC20CC191552}.Debug|x64.Build.0 = Debug|Any CPU
		{E8646A1C-EC3D-41A9-814F-CC20CC191552}.Debug|x86.ActiveCfg = Debug|Any CPU
		{E8646A1C-EC3D-41A9-814F-CC20CC191552}.Debug|x86.Build.0 = Debug|Any CPU
		{E8646A1C-EC3D-41A9-814F-CC20CC191552}.Release|Any CPU.ActiveCfg = Release|Any CPU
		{E8646A1C-EC3D-41A9-814F-CC20CC191552}.Release|Any CPU.Build.0 = Release|Any CPU
		{E8646A1C-EC3D-41A9-814F-CC20CC191552}.Release|x64.ActiveCfg = Release|Any CPU
		{E8646A1C-EC3D-41A9-814F-CC20CC191552}.Release|x64.Build.0 = Release|Any CPU
		{E8646A1C-EC3D-41A9-814F-CC20CC191552}.Release|x86.ActiveCfg = Release|Any CPU
		{E8646A1C-EC3D-41A9-814F-CC20CC191552}.Release|x86.Build.0 = Release|Any CPU
		{2F250242-B261-4F6B-8D8A-23718AD7D93F}.Debug|Any CPU.ActiveCfg = Debug|Any CPU
		{2F250242-B261-4F6B-8D8A-23718AD7D93F}.Debug|Any CPU.Build.0 = Debug|Any CPU
		{2F250242-B261-4F6B-8D8A-23718AD7D93F}.Debug|x64.ActiveCfg = Debug|Any CPU
		{2F250242-B261-4F6B-8D8A-23718AD7D93F}.Debug|x64.Build.0 = Debug|Any CPU
		{2F250242-B261-4F6B-8D8A-23718AD7D93F}.Debug|x86.ActiveCfg = Debug|Any CPU
		{2F250242-B261-4F6B-8D8A-23718AD7D93F}.Debug|x86.Build.0 = Debug|Any CPU
		{2F250242-B261-4F6B-8D8A-23718AD7D93F}.Release|Any CPU.ActiveCfg = Release|Any CPU
		{2F250242-B261-4F6B-8D8A-23718AD7D93F}.Release|Any CPU.Build.0 = Release|Any CPU
		{2F250242-B261-4F6B-8D8A-23718AD7D93F}.Release|x64.ActiveCfg = Release|Any CPU
		{2F250242-B261-4F6B-8D8A-23718AD7D93F}.Release|x64.Build.0 = Release|Any CPU
		{2F250242-B261-4F6B-8D8A-23718AD7D93F}.Release|x86.ActiveCfg = Release|Any CPU
		{2F250242-B261-4F6B-8D8A-23718AD7D93F}.Release|x86.Build.0 = Release|Any CPU
		{2495BA26-819D-4480-BF22-18583ED4CC1D}.Debug|Any CPU.ActiveCfg = Debug|Any CPU
		{2495BA26-819D-4480-BF22-18583ED4CC1D}.Debug|Any CPU.Build.0 = Debug|Any CPU
		{2495BA26-819D-4480-BF22-18583ED4CC1D}.Debug|x64.ActiveCfg = Debug|Any CPU
		{2495BA26-819D-4480-BF22-18583ED4CC1D}.Debug|x64.Build.0 = Debug|Any CPU
		{2495BA26-819D-4480-BF22-18583ED4CC1D}.Debug|x86.ActiveCfg = Debug|Any CPU
		{2495BA26-819D-4480-BF22-18583ED4CC1D}.Debug|x86.Build.0 = Debug|Any CPU
		{2495BA26-819D-4480-BF22-18583ED4CC1D}.Release|Any CPU.ActiveCfg = Release|Any CPU
		{2495BA26-819D-4480-BF22-18583ED4CC1D}.Release|Any CPU.Build.0 = Release|Any CPU
		{2495BA26-819D-4480-BF22-18583ED4CC1D}.Release|x64.ActiveCfg = Release|Any CPU
		{2495BA26-819D-4480-BF22-18583ED4CC1D}.Release|x64.Build.0 = Release|Any CPU
		{2495BA26-819D-4480-BF22-18583ED4CC1D}.Release|x86.ActiveCfg = Release|Any CPU
		{2495BA26-819D-4480-BF22-18583ED4CC1D}.Release|x86.Build.0 = Release|Any CPU
		{6C1F2EDF-7C89-496F-96AF-2FA45F4B10E7}.Debug|Any CPU.ActiveCfg = Debug|Any CPU
		{6C1F2EDF-7C89-496F-96AF-2FA45F4B10E7}.Debug|Any CPU.Build.0 = Debug|Any CPU
		{6C1F2EDF-7C89-496F-96AF-2FA45F4B10E7}.Debug|x64.ActiveCfg = Debug|Any CPU
		{6C1F2EDF-7C89-496F-96AF-2FA45F4B10E7}.Debug|x64.Build.0 = Debug|Any CPU
		{6C1F2EDF-7C89-496F-96AF-2FA45F4B10E7}.Debug|x86.ActiveCfg = Debug|Any CPU
		{6C1F2EDF-7C89-496F-96AF-2FA45F4B10E7}.Debug|x86.Build.0 = Debug|Any CPU
		{6C1F2EDF-7C89-496F-96AF-2FA45F4B10E7}.Release|Any CPU.ActiveCfg = Release|Any CPU
		{6C1F2EDF-7C89-496F-96AF-2FA45F4B10E7}.Release|Any CPU.Build.0 = Release|Any CPU
		{6C1F2EDF-7C89-496F-96AF-2FA45F4B10E7}.Release|x64.ActiveCfg = Release|Any CPU
		{6C1F2EDF-7C89-496F-96AF-2FA45F4B10E7}.Release|x64.Build.0 = Release|Any CPU
		{6C1F2EDF-7C89-496F-96AF-2FA45F4B10E7}.Release|x86.ActiveCfg = Release|Any CPU
		{6C1F2EDF-7C89-496F-96AF-2FA45F4B10E7}.Release|x86.Build.0 = Release|Any CPU
		{51E50A2A-D609-4652-904D-8ED0D2980E00}.Debug|Any CPU.ActiveCfg = Debug|Any CPU
		{51E50A2A-D609-4652-904D-8ED0D2980E00}.Debug|Any CPU.Build.0 = Debug|Any CPU
		{51E50A2A-D609-4652-904D-8ED0D2980E00}.Debug|x64.ActiveCfg = Debug|Any CPU
		{51E50A2A-D609-4652-904D-8ED0D2980E00}.Debug|x64.Build.0 = Debug|Any CPU
		{51E50A2A-D609-4652-904D-8ED0D2980E00}.Debug|x86.ActiveCfg = Debug|Any CPU
		{51E50A2A-D609-4652-904D-8ED0D2980E00}.Debug|x86.Build.0 = Debug|Any CPU
		{51E50A2A-D609-4652-904D-8ED0D2980E00}.Release|Any CPU.ActiveCfg = Release|Any CPU
		{51E50A2A-D609-4652-904D-8ED0D2980E00}.Release|Any CPU.Build.0 = Release|Any CPU
		{51E50A2A-D609-4652-904D-8ED0D2980E00}.Release|x64.ActiveCfg = Release|Any CPU
		{51E50A2A-D609-4652-904D-8ED0D2980E00}.Release|x64.Build.0 = Release|Any CPU
		{51E50A2A-D609-4652-904D-8ED0D2980E00}.Release|x86.ActiveCfg = Release|Any CPU
		{51E50A2A-D609-4652-904D-8ED0D2980E00}.Release|x86.Build.0 = Release|Any CPU
		{C849A1EE-0718-4E64-A843-C0912AFD56E9}.Debug|Any CPU.ActiveCfg = Debug|Any CPU
		{C849A1EE-0718-4E64-A843-C0912AFD56E9}.Debug|Any CPU.Build.0 = Debug|Any CPU
		{C849A1EE-0718-4E64-A843-C0912AFD56E9}.Debug|x64.ActiveCfg = Debug|Any CPU
		{C849A1EE-0718-4E64-A843-C0912AFD56E9}.Debug|x64.Build.0 = Debug|Any CPU
		{C849A1EE-0718-4E64-A843-C0912AFD56E9}.Debug|x86.ActiveCfg = Debug|Any CPU
		{C849A1EE-0718-4E64-A843-C0912AFD56E9}.Debug|x86.Build.0 = Debug|Any CPU
		{C849A1EE-0718-4E64-A843-C0912AFD56E9}.Release|Any CPU.ActiveCfg = Release|Any CPU
		{C849A1EE-0718-4E64-A843-C0912AFD56E9}.Release|Any CPU.Build.0 = Release|Any CPU
		{C849A1EE-0718-4E64-A843-C0912AFD56E9}.Release|x64.ActiveCfg = Release|Any CPU
		{C849A1EE-0718-4E64-A843-C0912AFD56E9}.Release|x64.Build.0 = Release|Any CPU
		{C849A1EE-0718-4E64-A843-C0912AFD56E9}.Release|x86.ActiveCfg = Release|Any CPU
		{C849A1EE-0718-4E64-A843-C0912AFD56E9}.Release|x86.Build.0 = Release|Any CPU
		{C3D7BB03-90EB-42B8-B470-BE0D4C4568EE}.Debug|Any CPU.ActiveCfg = Debug|Any CPU
		{C3D7BB03-90EB-42B8-B470-BE0D4C4568EE}.Debug|Any CPU.Build.0 = Debug|Any CPU
		{C3D7BB03-90EB-42B8-B470-BE0D4C4568EE}.Debug|x64.ActiveCfg = Debug|Any CPU
		{C3D7BB03-90EB-42B8-B470-BE0D4C4568EE}.Debug|x64.Build.0 = Debug|Any CPU
		{C3D7BB03-90EB-42B8-B470-BE0D4C4568EE}.Debug|x86.ActiveCfg = Debug|Any CPU
		{C3D7BB03-90EB-42B8-B470-BE0D4C4568EE}.Debug|x86.Build.0 = Debug|Any CPU
		{C3D7BB03-90EB-42B8-B470-BE0D4C4568EE}.Release|Any CPU.ActiveCfg = Release|Any CPU
		{C3D7BB03-90EB-42B8-B470-BE0D4C4568EE}.Release|Any CPU.Build.0 = Release|Any CPU
		{C3D7BB03-90EB-42B8-B470-BE0D4C4568EE}.Release|x64.ActiveCfg = Release|Any CPU
		{C3D7BB03-90EB-42B8-B470-BE0D4C4568EE}.Release|x64.Build.0 = Release|Any CPU
		{C3D7BB03-90EB-42B8-B470-BE0D4C4568EE}.Release|x86.ActiveCfg = Release|Any CPU
		{C3D7BB03-90EB-42B8-B470-BE0D4C4568EE}.Release|x86.Build.0 = Release|Any CPU
		{F2167EED-856A-4604-B888-2E22B18B81E7}.Debug|Any CPU.ActiveCfg = Debug|Any CPU
		{F2167EED-856A-4604-B888-2E22B18B81E7}.Debug|Any CPU.Build.0 = Debug|Any CPU
		{F2167EED-856A-4604-B888-2E22B18B81E7}.Debug|x64.ActiveCfg = Debug|Any CPU
		{F2167EED-856A-4604-B888-2E22B18B81E7}.Debug|x64.Build.0 = Debug|Any CPU
		{F2167EED-856A-4604-B888-2E22B18B81E7}.Debug|x86.ActiveCfg = Debug|Any CPU
		{F2167EED-856A-4604-B888-2E22B18B81E7}.Debug|x86.Build.0 = Debug|Any CPU
		{F2167EED-856A-4604-B888-2E22B18B81E7}.Release|Any CPU.ActiveCfg = Release|Any CPU
		{F2167EED-856A-4604-B888-2E22B18B81E7}.Release|Any CPU.Build.0 = Release|Any CPU
		{F2167EED-856A-4604-B888-2E22B18B81E7}.Release|x64.ActiveCfg = Release|Any CPU
		{F2167EED-856A-4604-B888-2E22B18B81E7}.Release|x64.Build.0 = Release|Any CPU
		{F2167EED-856A-4604-B888-2E22B18B81E7}.Release|x86.ActiveCfg = Release|Any CPU
		{F2167EED-856A-4604-B888-2E22B18B81E7}.Release|x86.Build.0 = Release|Any CPU
		{A27B38EF-684D-469E-86C4-D7BD57467EEE}.Debug|Any CPU.ActiveCfg = Debug|Any CPU
		{A27B38EF-684D-469E-86C4-D7BD57467EEE}.Debug|Any CPU.Build.0 = Debug|Any CPU
		{A27B38EF-684D-469E-86C4-D7BD57467EEE}.Debug|x64.ActiveCfg = Debug|Any CPU
		{A27B38EF-684D-469E-86C4-D7BD57467EEE}.Debug|x64.Build.0 = Debug|Any CPU
		{A27B38EF-684D-469E-86C4-D7BD57467EEE}.Debug|x86.ActiveCfg = Debug|Any CPU
		{A27B38EF-684D-469E-86C4-D7BD57467EEE}.Debug|x86.Build.0 = Debug|Any CPU
		{A27B38EF-684D-469E-86C4-D7BD57467EEE}.Release|Any CPU.ActiveCfg = Release|Any CPU
		{A27B38EF-684D-469E-86C4-D7BD57467EEE}.Release|Any CPU.Build.0 = Release|Any CPU
		{A27B38EF-684D-469E-86C4-D7BD57467EEE}.Release|x64.ActiveCfg = Release|Any CPU
		{A27B38EF-684D-469E-86C4-D7BD57467EEE}.Release|x64.Build.0 = Release|Any CPU
		{A27B38EF-684D-469E-86C4-D7BD57467EEE}.Release|x86.ActiveCfg = Release|Any CPU
		{A27B38EF-684D-469E-86C4-D7BD57467EEE}.Release|x86.Build.0 = Release|Any CPU
		{2F259643-A81A-4EAE-BEBD-D961B5EC44F2}.Debug|Any CPU.ActiveCfg = Debug|Any CPU
		{2F259643-A81A-4EAE-BEBD-D961B5EC44F2}.Debug|Any CPU.Build.0 = Debug|Any CPU
		{2F259643-A81A-4EAE-BEBD-D961B5EC44F2}.Debug|x64.ActiveCfg = Debug|Any CPU
		{2F259643-A81A-4EAE-BEBD-D961B5EC44F2}.Debug|x64.Build.0 = Debug|Any CPU
		{2F259643-A81A-4EAE-BEBD-D961B5EC44F2}.Debug|x86.ActiveCfg = Debug|Any CPU
		{2F259643-A81A-4EAE-BEBD-D961B5EC44F2}.Debug|x86.Build.0 = Debug|Any CPU
		{2F259643-A81A-4EAE-BEBD-D961B5EC44F2}.Release|Any CPU.ActiveCfg = Release|Any CPU
		{2F259643-A81A-4EAE-BEBD-D961B5EC44F2}.Release|Any CPU.Build.0 = Release|Any CPU
		{2F259643-A81A-4EAE-BEBD-D961B5EC44F2}.Release|x64.ActiveCfg = Release|Any CPU
		{2F259643-A81A-4EAE-BEBD-D961B5EC44F2}.Release|x64.Build.0 = Release|Any CPU
		{2F259643-A81A-4EAE-BEBD-D961B5EC44F2}.Release|x86.ActiveCfg = Release|Any CPU
		{2F259643-A81A-4EAE-BEBD-D961B5EC44F2}.Release|x86.Build.0 = Release|Any CPU
		{5D888B2D-3AE8-41D5-A6DA-03D62F81FB70}.Debug|Any CPU.ActiveCfg = Debug|Any CPU
		{5D888B2D-3AE8-41D5-A6DA-03D62F81FB70}.Debug|Any CPU.Build.0 = Debug|Any CPU
		{5D888B2D-3AE8-41D5-A6DA-03D62F81FB70}.Debug|x64.ActiveCfg = Debug|Any CPU
		{5D888B2D-3AE8-41D5-A6DA-03D62F81FB70}.Debug|x64.Build.0 = Debug|Any CPU
		{5D888B2D-3AE8-41D5-A6DA-03D62F81FB70}.Debug|x86.ActiveCfg = Debug|Any CPU
		{5D888B2D-3AE8-41D5-A6DA-03D62F81FB70}.Debug|x86.Build.0 = Debug|Any CPU
		{5D888B2D-3AE8-41D5-A6DA-03D62F81FB70}.Release|Any CPU.ActiveCfg = Release|Any CPU
		{5D888B2D-3AE8-41D5-A6DA-03D62F81FB70}.Release|Any CPU.Build.0 = Release|Any CPU
		{5D888B2D-3AE8-41D5-A6DA-03D62F81FB70}.Release|x64.ActiveCfg = Release|Any CPU
		{5D888B2D-3AE8-41D5-A6DA-03D62F81FB70}.Release|x64.Build.0 = Release|Any CPU
		{5D888B2D-3AE8-41D5-A6DA-03D62F81FB70}.Release|x86.ActiveCfg = Release|Any CPU
		{5D888B2D-3AE8-41D5-A6DA-03D62F81FB70}.Release|x86.Build.0 = Release|Any CPU
		{D058A7EB-5337-4585-8C46-D7D5CA231EFB}.Debug|Any CPU.ActiveCfg = Debug|Any CPU
		{D058A7EB-5337-4585-8C46-D7D5CA231EFB}.Debug|Any CPU.Build.0 = Debug|Any CPU
		{D058A7EB-5337-4585-8C46-D7D5CA231EFB}.Debug|x64.ActiveCfg = Debug|Any CPU
		{D058A7EB-5337-4585-8C46-D7D5CA231EFB}.Debug|x64.Build.0 = Debug|Any CPU
		{D058A7EB-5337-4585-8C46-D7D5CA231EFB}.Debug|x86.ActiveCfg = Debug|Any CPU
		{D058A7EB-5337-4585-8C46-D7D5CA231EFB}.Debug|x86.Build.0 = Debug|Any CPU
		{D058A7EB-5337-4585-8C46-D7D5CA231EFB}.Release|Any CPU.ActiveCfg = Release|Any CPU
		{D058A7EB-5337-4585-8C46-D7D5CA231EFB}.Release|Any CPU.Build.0 = Release|Any CPU
		{D058A7EB-5337-4585-8C46-D7D5CA231EFB}.Release|x64.ActiveCfg = Release|Any CPU
		{D058A7EB-5337-4585-8C46-D7D5CA231EFB}.Release|x64.Build.0 = Release|Any CPU
		{D058A7EB-5337-4585-8C46-D7D5CA231EFB}.Release|x86.ActiveCfg = Release|Any CPU
		{D058A7EB-5337-4585-8C46-D7D5CA231EFB}.Release|x86.Build.0 = Release|Any CPU
	EndGlobalSection
	GlobalSection(SolutionProperties) = preSolution
		HideSolutionNode = FALSE
	EndGlobalSection
	GlobalSection(NestedProjects) = preSolution
		{C710B8B1-742E-4EC2-9110-DD1EEFFCE2FA} = {827E0CD3-B72D-47B6-A68D-7590B98EB39B}
		{1518CBA4-21B0-4005-9A36-2B0CAEA04625} = {0AB3BF05-4346-4AA6-1389-037BE0695223}
		{B98FA51D-DFA9-4958-A2E3-815AFC6C3C05} = {827E0CD3-B72D-47B6-A68D-7590B98EB39B}
		{B2E7F0DE-C308-49BC-B513-E7ADA697934B} = {827E0CD3-B72D-47B6-A68D-7590B98EB39B}
		{CFA2E3CB-766A-463A-BD4E-02588C3793DD} = {827E0CD3-B72D-47B6-A68D-7590B98EB39B}
		{D6E27BF4-791D-463E-A4AD-4679DC5C0C57} = {5D20AA90-6969-D8BD-9DCD-8634F4692FDA}
		{C05D31B4-D81E-453F-8DE5-2C51BEFA1B94} = {5D20AA90-6969-D8BD-9DCD-8634F4692FDA}
		{E8646A1C-EC3D-41A9-814F-CC20CC191552} = {5D20AA90-6969-D8BD-9DCD-8634F4692FDA}
		{2F250242-B261-4F6B-8D8A-23718AD7D93F} = {5D20AA90-6969-D8BD-9DCD-8634F4692FDA}
		{2495BA26-819D-4480-BF22-18583ED4CC1D} = {5D20AA90-6969-D8BD-9DCD-8634F4692FDA}
		{6C1F2EDF-7C89-496F-96AF-2FA45F4B10E7} = {827E0CD3-B72D-47B6-A68D-7590B98EB39B}
		{51E50A2A-D609-4652-904D-8ED0D2980E00} = {0AB3BF05-4346-4AA6-1389-037BE0695223}
		{C849A1EE-0718-4E64-A843-C0912AFD56E9} = {5D20AA90-6969-D8BD-9DCD-8634F4692FDA}
		{C3D7BB03-90EB-42B8-B470-BE0D4C4568EE} = {0AB3BF05-4346-4AA6-1389-037BE0695223}
		{F2167EED-856A-4604-B888-2E22B18B81E7} = {0AB3BF05-4346-4AA6-1389-037BE0695223}
		{A27B38EF-684D-469E-86C4-D7BD57467EEE} = {827E0CD3-B72D-47B6-A68D-7590B98EB39B}
		{2F259643-A81A-4EAE-BEBD-D961B5EC44F2} = {5D20AA90-6969-D8BD-9DCD-8634F4692FDA}
		{5D888B2D-3AE8-41D5-A6DA-03D62F81FB70} = {0AB3BF05-4346-4AA6-1389-037BE0695223}
		{D058A7EB-5337-4585-8C46-D7D5CA231EFB} = {0AB3BF05-4346-4AA6-1389-037BE0695223}
	EndGlobalSection
EndGlobal
